
Microsoft Visual Studio Solution File, Format Version 12.00
# Visual Studio Version 17
VisualStudioVersion = 17.4.33205.214
MinimumVisualStudioVersion = 10.0.40219.1
Project("{2150E333-8FDC-42A3-9474-1A3956D46DE8}") = "src", "src", "{70918441-1EAF-4B90-ACDB-3E64D9400A78}"
EndProject
Project("{9A19103F-16F7-4668-BE54-9A1E7A4F7556}") = "API", "API\API.csproj", "{105AAB98-EF4B-42E6-B48A-C2F5C009EAB8}"
EndProject
Project("{9A19103F-16F7-4668-BE54-9A1E7A4F7556}") = "Infrastructure", "Infrastructure\Infrastructure.csproj", "{A633303B-C4EA-4870-A671-ED5C6EA85DE0}"
EndProject
Project("{9A19103F-16F7-4668-BE54-9A1E7A4F7556}") = "Domain", "Domain\Domain.csproj", "{CE771972-9E5B-4BFE-B7D3-1D095D5B2284}"
EndProject
Project("{9A19103F-16F7-4668-BE54-9A1E7A4F7556}") = "Application", "Application\Application.csproj", "{F898BEC2-4CD8-40A7-AD05-1365560E468B}"
EndProject
Global
	GlobalSection(SolutionConfigurationPlatforms) = preSolution
		Debug|Any CPU = Debug|Any CPU
		Release|Any CPU = Release|Any CPU
	EndGlobalSection
	GlobalSection(ProjectConfigurationPlatforms) = postSolution
		{105AAB98-EF4B-42E6-B48A-C2F5C009EAB8}.Debug|Any CPU.ActiveCfg = Debug|Any CPU
		{105AAB98-EF4B-42E6-B48A-C2F5C009EAB8}.Debug|Any CPU.Build.0 = Debug|Any CPU
		{105AAB98-EF4B-42E6-B48A-C2F5C009EAB8}.Release|Any CPU.ActiveCfg = Release|Any CPU
		{105AAB98-EF4B-42E6-B48A-C2F5C009EAB8}.Release|Any CPU.Build.0 = Release|Any CPU
		{A633303B-C4EA-4870-A671-ED5C6EA85DE0}.Debug|Any CPU.ActiveCfg = Debug|Any CPU
		{A633303B-C4EA-4870-A671-ED5C6EA85DE0}.Debug|Any CPU.Build.0 = Debug|Any CPU
		{A633303B-C4EA-4870-A671-ED5C6EA85DE0}.Release|Any CPU.ActiveCfg = Release|Any CPU
		{A633303B-C4EA-4870-A671-ED5C6EA85DE0}.Release|Any CPU.Build.0 = Release|Any CPU
		{CE771972-9E5B-4BFE-B7D3-1D095D5B2284}.Debug|Any CPU.ActiveCfg = Debug|Any CPU
		{CE771972-9E5B-4BFE-B7D3-1D095D5B2284}.Debug|Any CPU.Build.0 = Debug|Any CPU
		{CE771972-9E5B-4BFE-B7D3-1D095D5B2284}.Release|Any CPU.ActiveCfg = Release|Any CPU
		{CE771972-9E5B-4BFE-B7D3-1D095D5B2284}.Release|Any CPU.Build.0 = Release|Any CPU
		{F898BEC2-4CD8-40A7-AD05-1365560E468B}.Debug|Any CPU.ActiveCfg = Debug|Any CPU
		{F898BEC2-4CD8-40A7-AD05-1365560E468B}.Debug|Any CPU.Build.0 = Debug|Any CPU
		{F898BEC2-4CD8-40A7-AD05-1365560E468B}.Release|Any CPU.ActiveCfg = Release|Any CPU
		{F898BEC2-4CD8-40A7-AD05-1365560E468B}.Release|Any CPU.Build.0 = Release|Any CPU
	EndGlobalSection
	GlobalSection(SolutionProperties) = preSolution
		HideSolutionNode = FALSE
	EndGlobalSection
	GlobalSection(NestedProjects) = preSolution
		{105AAB98-EF4B-42E6-B48A-C2F5C009EAB8} = {70918441-1EAF-4B90-ACDB-3E64D9400A78}
		{A633303B-C4EA-4870-A671-ED5C6EA85DE0} = {70918441-1EAF-4B90-ACDB-3E64D9400A78}
		{CE771972-9E5B-4BFE-B7D3-1D095D5B2284} = {70918441-1EAF-4B90-ACDB-3E64D9400A78}
		{F898BEC2-4CD8-40A7-AD05-1365560E468B} = {70918441-1EAF-4B90-ACDB-3E64D9400A78}
	EndGlobalSection
	GlobalSection(ExtensibilityGlobals) = postSolution
		SolutionGuid = {38887771-A3F1-4597-AD2B-5A8DE01ECF3D}
	EndGlobalSection
EndGlobal
